// !$*UTF8*$!
{
	archiveVersion = 1;
	classes = {
	};
	objectVersion = 46;
	objects = {

/* Begin PBXBuildFile section */
		5CB32297284F44828FB8128F /* libPods-NorwayTests.a in Frameworks */ = {isa = PBXBuildFile; fileRef = 5F10A0E1D9B42FC47C97EC5B /* libPods-NorwayTests.a */; };
		C2542DEDC975BA4F37E6CF96 /* libPods-norway.a in Frameworks */ = {isa = PBXBuildFile; fileRef = ED692A0603E93E3BACFF7A34 /* libPods-norway.a */; };
		E9627DFE1E69C29A00B8AF40 /* CoreLocation.framework in Frameworks */ = {isa = PBXBuildFile; fileRef = E9627DFD1E69C29A00B8AF40 /* CoreLocation.framework */; };
		E9627E001E69C66500B8AF40 /* MapKit.framework in Frameworks */ = {isa = PBXBuildFile; fileRef = E9627DFF1E69C66500B8AF40 /* MapKit.framework */; };
		E9627E031E69C78600B8AF40 /* MapViewController.m in Sources */ = {isa = PBXBuildFile; fileRef = E9627E021E69C78600B8AF40 /* MapViewController.m */; };
		E96325131EAF99C9001C035A /* SyncAccount.m in Sources */ = {isa = PBXBuildFile; fileRef = E96325121EAF99C9001C035A /* SyncAccount.m */; };
		E96325161EAFC6BE001C035A /* KeychainWrapper.m in Sources */ = {isa = PBXBuildFile; fileRef = E96325151EAFC6BE001C035A /* KeychainWrapper.m */; };
		E97ED2331E6359EE009CF014 /* NorwayDatabase.m in Sources */ = {isa = PBXBuildFile; fileRef = E97ED2321E6359EE009CF014 /* NorwayDatabase.m */; };
		E97ED2361E635B6B009CF014 /* RecordingSession.m in Sources */ = {isa = PBXBuildFile; fileRef = E97ED2351E635B6B009CF014 /* RecordingSession.m */; };
		E97ED2391E635C39009CF014 /* HeartRate.m in Sources */ = {isa = PBXBuildFile; fileRef = E97ED2381E635C39009CF014 /* HeartRate.m */; };
		E97ED23C1E6366EE009CF014 /* Calories.m in Sources */ = {isa = PBXBuildFile; fileRef = E97ED23B1E6366EE009CF014 /* Calories.m */; };
		E97ED23F1E636A7B009CF014 /* Location.m in Sources */ = {isa = PBXBuildFile; fileRef = E97ED23E1E636A7B009CF014 /* Location.m */; };
		E97ED2431E636D6B009CF014 /* NSNumber+NWY.m in Sources */ = {isa = PBXBuildFile; fileRef = E97ED2421E636D6B009CF014 /* NSNumber+NWY.m */; };
		E97ED2461E637027009CF014 /* DatabaseObject.m in Sources */ = {isa = PBXBuildFile; fileRef = E97ED2451E637027009CF014 /* DatabaseObject.m */; };
		E97ED24A1E6371BD009CF014 /* NSArray+NWY.m in Sources */ = {isa = PBXBuildFile; fileRef = E97ED2491E6371BD009CF014 /* NSArray+NWY.m */; };
		E97ED24E1E637656009CF014 /* ConnectionManager.m in Sources */ = {isa = PBXBuildFile; fileRef = E97ED24D1E637656009CF014 /* ConnectionManager.m */; };
		E97ED2511E637A95009CF014 /* BandDataStream.m in Sources */ = {isa = PBXBuildFile; fileRef = E97ED2501E637A95009CF014 /* BandDataStream.m */; };
		E97ED2531E638481009CF014 /* MessageUI.framework in Frameworks */ = {isa = PBXBuildFile; fileRef = E97ED2521E638481009CF014 /* MessageUI.framework */; };
		E98D8A071E60F6C500D5647F /* main.m in Sources */ = {isa = PBXBuildFile; fileRef = E98D8A061E60F6C500D5647F /* main.m */; };
		E98D8A0A1E60F6C500D5647F /* AppDelegate.m in Sources */ = {isa = PBXBuildFile; fileRef = E98D8A091E60F6C500D5647F /* AppDelegate.m */; };
		E98D8A101E60F6C500D5647F /* Main.storyboard in Resources */ = {isa = PBXBuildFile; fileRef = E98D8A0E1E60F6C500D5647F /* Main.storyboard */; };
		E98D8A121E60F6C500D5647F /* Assets.xcassets in Resources */ = {isa = PBXBuildFile; fileRef = E98D8A111E60F6C500D5647F /* Assets.xcassets */; };
		E98D8A151E60F6C500D5647F /* LaunchScreen.storyboard in Resources */ = {isa = PBXBuildFile; fileRef = E98D8A131E60F6C500D5647F /* LaunchScreen.storyboard */; };
		E98D8A1D1E60F78200D5647F /* MicrosoftBandKit_iOS.framework in Frameworks */ = {isa = PBXBuildFile; fileRef = E98D8A1C1E60F78200D5647F /* MicrosoftBandKit_iOS.framework */; };
		E98D8A201E60F7AA00D5647F /* CoreBluetooth.framework in Frameworks */ = {isa = PBXBuildFile; fileRef = E98D8A1F1E60F7AA00D5647F /* CoreBluetooth.framework */; };
		E98D8A281E60FCC000D5647F /* NorwayTests.m in Sources */ = {isa = PBXBuildFile; fileRef = E98D8A271E60FCC000D5647F /* NorwayTests.m */; };
		E98D8A311E60FDD100D5647F /* SerializedDatabase.m in Sources */ = {isa = PBXBuildFile; fileRef = E98D8A301E60FDD100D5647F /* SerializedDatabase.m */; };
		E98D8A331E61013200D5647F /* libsqlite3.tbd in Frameworks */ = {isa = PBXBuildFile; fileRef = E98D8A321E61013200D5647F /* libsqlite3.tbd */; };
		E98D8A371E61025A00D5647F /* Query.m in Sources */ = {isa = PBXBuildFile; fileRef = E98D8A361E61025A00D5647F /* Query.m */; };
		E9F824641E680DF200AE2CCB /* Distance.m in Sources */ = {isa = PBXBuildFile; fileRef = E9F824631E680DF200AE2CCB /* Distance.m */; };
		E9F8246B1E682ECD00AE2CCB /* ConnectionManagerViewControllerTableViewController.m in Sources */ = {isa = PBXBuildFile; fileRef = E9F8246A1E682ECD00AE2CCB /* ConnectionManagerViewControllerTableViewController.m */; };
		E9F8246E1E683A7A00AE2CCB /* HelpViewController.m in Sources */ = {isa = PBXBuildFile; fileRef = E9F8246D1E683A7A00AE2CCB /* HelpViewController.m */; };
		E9F824701E683AAE00AE2CCB /* doc.html in Resources */ = {isa = PBXBuildFile; fileRef = E9F8246F1E683AAE00AE2CCB /* doc.html */; };
		E9F824731E683BC800AE2CCB /* RecordSessionViewController.m in Sources */ = {isa = PBXBuildFile; fileRef = E9F824721E683BC800AE2CCB /* RecordSessionViewController.m */; };
		E9F824761E68432900AE2CCB /* AllSessionsTableViewController.m in Sources */ = {isa = PBXBuildFile; fileRef = E9F824751E68432900AE2CCB /* AllSessionsTableViewController.m */; };
		E9F824791E6846D800AE2CCB /* StringTableViewController.m in Sources */ = {isa = PBXBuildFile; fileRef = E9F824781E6846D800AE2CCB /* StringTableViewController.m */; };
		E9F8247C1E685FEB00AE2CCB /* ExportTableViewController.m in Sources */ = {isa = PBXBuildFile; fileRef = E9F8247B1E685FEB00AE2CCB /* ExportTableViewController.m */; };
		E9F8247E1E6893B400AE2CCB /* libcompression.tbd in Frameworks */ = {isa = PBXBuildFile; fileRef = E9F8247D1E6893B400AE2CCB /* libcompression.tbd */; };
/* End PBXBuildFile section */

/* Begin PBXContainerItemProxy section */
		E98D8A2A1E60FCC000D5647F /* PBXContainerItemProxy */ = {
			isa = PBXContainerItemProxy;
			containerPortal = E98D89FA1E60F6C500D5647F /* Project object */;
			proxyType = 1;
			remoteGlobalIDString = E98D8A011E60F6C500D5647F;
			remoteInfo = norway;
		};
/* End PBXContainerItemProxy section */

/* Begin PBXFileReference section */
		43F95D9F22E52D9997875286 /* Pods-norway.release.xcconfig */ = {isa = PBXFileReference; includeInIndex = 1; lastKnownFileType = text.xcconfig; name = "Pods-norway.release.xcconfig"; path = "Pods/Target Support Files/Pods-norway/Pods-norway.release.xcconfig"; sourceTree = "<group>"; };
		5F10A0E1D9B42FC47C97EC5B /* libPods-NorwayTests.a */ = {isa = PBXFileReference; explicitFileType = archive.ar; includeInIndex = 0; path = "libPods-NorwayTests.a"; sourceTree = BUILT_PRODUCTS_DIR; };
		D1336BFC030120C00B9C0016 /* Pods-norway.debug.xcconfig */ = {isa = PBXFileReference; includeInIndex = 1; lastKnownFileType = text.xcconfig; name = "Pods-norway.debug.xcconfig"; path = "Pods/Target Support Files/Pods-norway/Pods-norway.debug.xcconfig"; sourceTree = "<group>"; };
		DCDB7DBC1A55C818E576350C /* Pods-NorwayTests.release.xcconfig */ = {isa = PBXFileReference; includeInIndex = 1; lastKnownFileType = text.xcconfig; name = "Pods-NorwayTests.release.xcconfig"; path = "Pods/Target Support Files/Pods-NorwayTests/Pods-NorwayTests.release.xcconfig"; sourceTree = "<group>"; };
		E9627DFD1E69C29A00B8AF40 /* CoreLocation.framework */ = {isa = PBXFileReference; lastKnownFileType = wrapper.framework; name = CoreLocation.framework; path = System/Library/Frameworks/CoreLocation.framework; sourceTree = SDKROOT; };
		E9627DFF1E69C66500B8AF40 /* MapKit.framework */ = {isa = PBXFileReference; lastKnownFileType = wrapper.framework; name = MapKit.framework; path = System/Library/Frameworks/MapKit.framework; sourceTree = SDKROOT; };
		E9627E011E69C78600B8AF40 /* MapViewController.h */ = {isa = PBXFileReference; fileEncoding = 4; lastKnownFileType = sourcecode.c.h; path = MapViewController.h; sourceTree = "<group>"; };
		E9627E021E69C78600B8AF40 /* MapViewController.m */ = {isa = PBXFileReference; fileEncoding = 4; lastKnownFileType = sourcecode.c.objc; path = MapViewController.m; sourceTree = "<group>"; };
		E96325111EAF99C9001C035A /* SyncAccount.h */ = {isa = PBXFileReference; fileEncoding = 4; lastKnownFileType = sourcecode.c.h; path = SyncAccount.h; sourceTree = "<group>"; };
		E96325121EAF99C9001C035A /* SyncAccount.m */ = {isa = PBXFileReference; fileEncoding = 4; lastKnownFileType = sourcecode.c.objc; path = SyncAccount.m; sourceTree = "<group>"; };
		E96325141EAFC6BE001C035A /* KeychainWrapper.h */ = {isa = PBXFileReference; fileEncoding = 4; lastKnownFileType = sourcecode.c.h; path = KeychainWrapper.h; sourceTree = "<group>"; };
		E96325151EAFC6BE001C035A /* KeychainWrapper.m */ = {isa = PBXFileReference; fileEncoding = 4; lastKnownFileType = sourcecode.c.objc; path = KeychainWrapper.m; sourceTree = "<group>"; };
		E97ED2311E6359EE009CF014 /* NorwayDatabase.h */ = {isa = PBXFileReference; fileEncoding = 4; lastKnownFileType = sourcecode.c.h; path = NorwayDatabase.h; sourceTree = "<group>"; };
		E97ED2321E6359EE009CF014 /* NorwayDatabase.m */ = {isa = PBXFileReference; fileEncoding = 4; lastKnownFileType = sourcecode.c.objc; path = NorwayDatabase.m; sourceTree = "<group>"; };
		E97ED2341E635B6B009CF014 /* RecordingSession.h */ = {isa = PBXFileReference; fileEncoding = 4; lastKnownFileType = sourcecode.c.h; path = RecordingSession.h; sourceTree = "<group>"; };
		E97ED2351E635B6B009CF014 /* RecordingSession.m */ = {isa = PBXFileReference; fileEncoding = 4; lastKnownFileType = sourcecode.c.objc; path = RecordingSession.m; sourceTree = "<group>"; };
		E97ED2371E635C39009CF014 /* HeartRate.h */ = {isa = PBXFileReference; fileEncoding = 4; lastKnownFileType = sourcecode.c.h; path = HeartRate.h; sourceTree = "<group>"; };
		E97ED2381E635C39009CF014 /* HeartRate.m */ = {isa = PBXFileReference; fileEncoding = 4; lastKnownFileType = sourcecode.c.objc; path = HeartRate.m; sourceTree = "<group>"; };
		E97ED23A1E6366EE009CF014 /* Calories.h */ = {isa = PBXFileReference; fileEncoding = 4; lastKnownFileType = sourcecode.c.h; path = Calories.h; sourceTree = "<group>"; };
		E97ED23B1E6366EE009CF014 /* Calories.m */ = {isa = PBXFileReference; fileEncoding = 4; lastKnownFileType = sourcecode.c.objc; path = Calories.m; sourceTree = "<group>"; };
		E97ED23D1E636A7B009CF014 /* Location.h */ = {isa = PBXFileReference; fileEncoding = 4; lastKnownFileType = sourcecode.c.h; path = Location.h; sourceTree = "<group>"; };
		E97ED23E1E636A7B009CF014 /* Location.m */ = {isa = PBXFileReference; fileEncoding = 4; lastKnownFileType = sourcecode.c.objc; path = Location.m; sourceTree = "<group>"; };
		E97ED2411E636CE3009CF014 /* NSNumber+NWY.h */ = {isa = PBXFileReference; fileEncoding = 4; lastKnownFileType = sourcecode.c.h; path = "NSNumber+NWY.h"; sourceTree = "<group>"; };
		E97ED2421E636D6B009CF014 /* NSNumber+NWY.m */ = {isa = PBXFileReference; fileEncoding = 4; lastKnownFileType = sourcecode.c.objc; path = "NSNumber+NWY.m"; sourceTree = "<group>"; };
		E97ED2441E637027009CF014 /* DatabaseObject.h */ = {isa = PBXFileReference; fileEncoding = 4; lastKnownFileType = sourcecode.c.h; path = DatabaseObject.h; sourceTree = "<group>"; };
		E97ED2451E637027009CF014 /* DatabaseObject.m */ = {isa = PBXFileReference; fileEncoding = 4; lastKnownFileType = sourcecode.c.objc; path = DatabaseObject.m; sourceTree = "<group>"; };
		E97ED2471E637179009CF014 /* NSArray+NWY.h */ = {isa = PBXFileReference; fileEncoding = 4; lastKnownFileType = sourcecode.c.h; path = "NSArray+NWY.h"; sourceTree = "<group>"; };
		E97ED2491E6371BD009CF014 /* NSArray+NWY.m */ = {isa = PBXFileReference; fileEncoding = 4; lastKnownFileType = sourcecode.c.objc; path = "NSArray+NWY.m"; sourceTree = "<group>"; };
		E97ED24C1E637656009CF014 /* ConnectionManager.h */ = {isa = PBXFileReference; fileEncoding = 4; lastKnownFileType = sourcecode.c.h; path = ConnectionManager.h; sourceTree = "<group>"; };
		E97ED24D1E637656009CF014 /* ConnectionManager.m */ = {isa = PBXFileReference; fileEncoding = 4; lastKnownFileType = sourcecode.c.objc; path = ConnectionManager.m; sourceTree = "<group>"; };
		E97ED24F1E637A95009CF014 /* BandDataStream.h */ = {isa = PBXFileReference; fileEncoding = 4; lastKnownFileType = sourcecode.c.h; path = BandDataStream.h; sourceTree = "<group>"; };
		E97ED2501E637A95009CF014 /* BandDataStream.m */ = {isa = PBXFileReference; fileEncoding = 4; lastKnownFileType = sourcecode.c.objc; path = BandDataStream.m; sourceTree = "<group>"; };
		E97ED2521E638481009CF014 /* MessageUI.framework */ = {isa = PBXFileReference; lastKnownFileType = wrapper.framework; name = MessageUI.framework; path = System/Library/Frameworks/MessageUI.framework; sourceTree = SDKROOT; };
		E98D8A021E60F6C500D5647F /* norway.app */ = {isa = PBXFileReference; explicitFileType = wrapper.application; includeInIndex = 0; path = norway.app; sourceTree = BUILT_PRODUCTS_DIR; };
		E98D8A061E60F6C500D5647F /* main.m */ = {isa = PBXFileReference; lastKnownFileType = sourcecode.c.objc; path = main.m; sourceTree = "<group>"; };
		E98D8A081E60F6C500D5647F /* AppDelegate.h */ = {isa = PBXFileReference; lastKnownFileType = sourcecode.c.h; path = AppDelegate.h; sourceTree = "<group>"; };
		E98D8A091E60F6C500D5647F /* AppDelegate.m */ = {isa = PBXFileReference; lastKnownFileType = sourcecode.c.objc; path = AppDelegate.m; sourceTree = "<group>"; };
		E98D8A0F1E60F6C500D5647F /* Base */ = {isa = PBXFileReference; lastKnownFileType = file.storyboard; name = Base; path = Base.lproj/Main.storyboard; sourceTree = "<group>"; };
		E98D8A111E60F6C500D5647F /* Assets.xcassets */ = {isa = PBXFileReference; lastKnownFileType = folder.assetcatalog; path = Assets.xcassets; sourceTree = "<group>"; };
		E98D8A141E60F6C500D5647F /* Base */ = {isa = PBXFileReference; lastKnownFileType = file.storyboard; name = Base; path = Base.lproj/LaunchScreen.storyboard; sourceTree = "<group>"; };
		E98D8A161E60F6C500D5647F /* Info.plist */ = {isa = PBXFileReference; lastKnownFileType = text.plist.xml; path = Info.plist; sourceTree = "<group>"; };
		E98D8A1C1E60F78200D5647F /* MicrosoftBandKit_iOS.framework */ = {isa = PBXFileReference; lastKnownFileType = wrapper.framework; path = MicrosoftBandKit_iOS.framework; sourceTree = "<group>"; };
		E98D8A1F1E60F7AA00D5647F /* CoreBluetooth.framework */ = {isa = PBXFileReference; lastKnownFileType = wrapper.framework; name = CoreBluetooth.framework; path = System/Library/Frameworks/CoreBluetooth.framework; sourceTree = SDKROOT; };
		E98D8A251E60FCC000D5647F /* NorwayTests.xctest */ = {isa = PBXFileReference; explicitFileType = wrapper.cfbundle; includeInIndex = 0; path = NorwayTests.xctest; sourceTree = BUILT_PRODUCTS_DIR; };
		E98D8A271E60FCC000D5647F /* NorwayTests.m */ = {isa = PBXFileReference; lastKnownFileType = sourcecode.c.objc; path = NorwayTests.m; sourceTree = "<group>"; };
		E98D8A291E60FCC000D5647F /* Info.plist */ = {isa = PBXFileReference; lastKnownFileType = text.plist.xml; path = Info.plist; sourceTree = "<group>"; };
		E98D8A2F1E60FDD100D5647F /* SerializedDatabase.h */ = {isa = PBXFileReference; fileEncoding = 4; lastKnownFileType = sourcecode.c.h; path = SerializedDatabase.h; sourceTree = "<group>"; };
		E98D8A301E60FDD100D5647F /* SerializedDatabase.m */ = {isa = PBXFileReference; fileEncoding = 4; lastKnownFileType = sourcecode.c.objc; path = SerializedDatabase.m; sourceTree = "<group>"; };
		E98D8A321E61013200D5647F /* libsqlite3.tbd */ = {isa = PBXFileReference; lastKnownFileType = "sourcecode.text-based-dylib-definition"; name = libsqlite3.tbd; path = usr/lib/libsqlite3.tbd; sourceTree = SDKROOT; };
		E98D8A351E61025A00D5647F /* Query.h */ = {isa = PBXFileReference; fileEncoding = 4; lastKnownFileType = sourcecode.c.h; path = Query.h; sourceTree = "<group>"; };
		E98D8A361E61025A00D5647F /* Query.m */ = {isa = PBXFileReference; fileEncoding = 4; lastKnownFileType = sourcecode.c.objc; path = Query.m; sourceTree = "<group>"; };
		E9F824621E680DF200AE2CCB /* Distance.h */ = {isa = PBXFileReference; fileEncoding = 4; lastKnownFileType = sourcecode.c.h; path = Distance.h; sourceTree = "<group>"; };
		E9F824631E680DF200AE2CCB /* Distance.m */ = {isa = PBXFileReference; fileEncoding = 4; lastKnownFileType = sourcecode.c.objc; path = Distance.m; sourceTree = "<group>"; };
		E9F824691E682ECD00AE2CCB /* ConnectionManagerViewControllerTableViewController.h */ = {isa = PBXFileReference; fileEncoding = 4; lastKnownFileType = sourcecode.c.h; path = ConnectionManagerViewControllerTableViewController.h; sourceTree = "<group>"; };
		E9F8246A1E682ECD00AE2CCB /* ConnectionManagerViewControllerTableViewController.m */ = {isa = PBXFileReference; fileEncoding = 4; lastKnownFileType = sourcecode.c.objc; path = ConnectionManagerViewControllerTableViewController.m; sourceTree = "<group>"; };
		E9F8246C1E683A7A00AE2CCB /* HelpViewController.h */ = {isa = PBXFileReference; fileEncoding = 4; lastKnownFileType = sourcecode.c.h; path = HelpViewController.h; sourceTree = "<group>"; };
		E9F8246D1E683A7A00AE2CCB /* HelpViewController.m */ = {isa = PBXFileReference; fileEncoding = 4; lastKnownFileType = sourcecode.c.objc; path = HelpViewController.m; sourceTree = "<group>"; };
		E9F8246F1E683AAE00AE2CCB /* doc.html */ = {isa = PBXFileReference; fileEncoding = 4; lastKnownFileType = text.html; path = doc.html; sourceTree = "<group>"; };
		E9F824711E683BC800AE2CCB /* RecordSessionViewController.h */ = {isa = PBXFileReference; fileEncoding = 4; lastKnownFileType = sourcecode.c.h; path = RecordSessionViewController.h; sourceTree = "<group>"; };
		E9F824721E683BC800AE2CCB /* RecordSessionViewController.m */ = {isa = PBXFileReference; fileEncoding = 4; lastKnownFileType = sourcecode.c.objc; path = RecordSessionViewController.m; sourceTree = "<group>"; };
		E9F824741E68432900AE2CCB /* AllSessionsTableViewController.h */ = {isa = PBXFileReference; fileEncoding = 4; lastKnownFileType = sourcecode.c.h; path = AllSessionsTableViewController.h; sourceTree = "<group>"; };
		E9F824751E68432900AE2CCB /* AllSessionsTableViewController.m */ = {isa = PBXFileReference; fileEncoding = 4; lastKnownFileType = sourcecode.c.objc; path = AllSessionsTableViewController.m; sourceTree = "<group>"; };
		E9F824771E6846D800AE2CCB /* StringTableViewController.h */ = {isa = PBXFileReference; fileEncoding = 4; lastKnownFileType = sourcecode.c.h; path = StringTableViewController.h; sourceTree = "<group>"; };
		E9F824781E6846D800AE2CCB /* StringTableViewController.m */ = {isa = PBXFileReference; fileEncoding = 4; lastKnownFileType = sourcecode.c.objc; path = StringTableViewController.m; sourceTree = "<group>"; };
		E9F8247A1E685FEB00AE2CCB /* ExportTableViewController.h */ = {isa = PBXFileReference; fileEncoding = 4; lastKnownFileType = sourcecode.c.h; path = ExportTableViewController.h; sourceTree = "<group>"; };
		E9F8247B1E685FEB00AE2CCB /* ExportTableViewController.m */ = {isa = PBXFileReference; fileEncoding = 4; lastKnownFileType = sourcecode.c.objc; path = ExportTableViewController.m; sourceTree = "<group>"; };
		E9F8247D1E6893B400AE2CCB /* libcompression.tbd */ = {isa = PBXFileReference; lastKnownFileType = "sourcecode.text-based-dylib-definition"; name = libcompression.tbd; path = usr/lib/libcompression.tbd; sourceTree = SDKROOT; };
		ED692A0603E93E3BACFF7A34 /* libPods-norway.a */ = {isa = PBXFileReference; explicitFileType = archive.ar; includeInIndex = 0; path = "libPods-norway.a"; sourceTree = BUILT_PRODUCTS_DIR; };
		FFC6B9995B2DCC67F9AAE81B /* Pods-NorwayTests.debug.xcconfig */ = {isa = PBXFileReference; includeInIndex = 1; lastKnownFileType = text.xcconfig; name = "Pods-NorwayTests.debug.xcconfig"; path = "Pods/Target Support Files/Pods-NorwayTests/Pods-NorwayTests.debug.xcconfig"; sourceTree = "<group>"; };
/* End PBXFileReference section */

/* Begin PBXFrameworksBuildPhase section */
		E98D89FF1E60F6C500D5647F /* Frameworks */ = {
			isa = PBXFrameworksBuildPhase;
			buildActionMask = 2147483647;
			files = (
				E9627E001E69C66500B8AF40 /* MapKit.framework in Frameworks */,
				E9627DFE1E69C29A00B8AF40 /* CoreLocation.framework in Frameworks */,
				E9F8247E1E6893B400AE2CCB /* libcompression.tbd in Frameworks */,
				E97ED2531E638481009CF014 /* MessageUI.framework in Frameworks */,
				E98D8A331E61013200D5647F /* libsqlite3.tbd in Frameworks */,
				E98D8A201E60F7AA00D5647F /* CoreBluetooth.framework in Frameworks */,
				E98D8A1D1E60F78200D5647F /* MicrosoftBandKit_iOS.framework in Frameworks */,
				C2542DEDC975BA4F37E6CF96 /* libPods-norway.a in Frameworks */,
			);
			runOnlyForDeploymentPostprocessing = 0;
		};
		E98D8A221E60FCBF00D5647F /* Frameworks */ = {
			isa = PBXFrameworksBuildPhase;
			buildActionMask = 2147483647;
			files = (
				5CB32297284F44828FB8128F /* libPods-NorwayTests.a in Frameworks */,
			);
			runOnlyForDeploymentPostprocessing = 0;
		};
/* End PBXFrameworksBuildPhase section */

/* Begin PBXGroup section */
		C222941F10973287331B621E /* Pods */ = {
			isa = PBXGroup;
			children = (
				FFC6B9995B2DCC67F9AAE81B /* Pods-NorwayTests.debug.xcconfig */,
				DCDB7DBC1A55C818E576350C /* Pods-NorwayTests.release.xcconfig */,
				D1336BFC030120C00B9C0016 /* Pods-norway.debug.xcconfig */,
				43F95D9F22E52D9997875286 /* Pods-norway.release.xcconfig */,
			);
			name = Pods;
			sourceTree = "<group>";
		};
		E97ED2401E636CC5009CF014 /* Utilities */ = {
			isa = PBXGroup;
			children = (
				E97ED2411E636CE3009CF014 /* NSNumber+NWY.h */,
				E97ED2421E636D6B009CF014 /* NSNumber+NWY.m */,
				E97ED2471E637179009CF014 /* NSArray+NWY.h */,
				E97ED2491E6371BD009CF014 /* NSArray+NWY.m */,
			);
			name = Utilities;
			sourceTree = "<group>";
		};
		E97ED24B1E637640009CF014 /* Band Controller */ = {
			isa = PBXGroup;
			children = (
				E97ED24C1E637656009CF014 /* ConnectionManager.h */,
				E97ED24D1E637656009CF014 /* ConnectionManager.m */,
				E97ED24F1E637A95009CF014 /* BandDataStream.h */,
				E97ED2501E637A95009CF014 /* BandDataStream.m */,
			);
			name = "Band Controller";
			sourceTree = "<group>";
		};
		E98D89F91E60F6C500D5647F = {
			isa = PBXGroup;
			children = (
				E98D8A1C1E60F78200D5647F /* MicrosoftBandKit_iOS.framework */,
				E98D8A041E60F6C500D5647F /* norway */,
				E98D8A261E60FCC000D5647F /* NorwayTests */,
				E98D8A031E60F6C500D5647F /* Products */,
				E98D8A1E1E60F7AA00D5647F /* Frameworks */,
				C222941F10973287331B621E /* Pods */,
			);
			sourceTree = "<group>";
		};
		E98D8A031E60F6C500D5647F /* Products */ = {
			isa = PBXGroup;
			children = (
				E98D8A021E60F6C500D5647F /* norway.app */,
				E98D8A251E60FCC000D5647F /* NorwayTests.xctest */,
			);
			name = Products;
			sourceTree = "<group>";
		};
		E98D8A041E60F6C500D5647F /* norway */ = {
			isa = PBXGroup;
			children = (
				E9F824681E682EBC00AE2CCB /* View Controllers */,
				E97ED24B1E637640009CF014 /* Band Controller */,
				E97ED2401E636CC5009CF014 /* Utilities */,
				E98D8A341E61024C00D5647F /* Model/Database */,
				E98D8A081E60F6C500D5647F /* AppDelegate.h */,
				E98D8A091E60F6C500D5647F /* AppDelegate.m */,
				E98D8A0E1E60F6C500D5647F /* Main.storyboard */,
				E98D8A111E60F6C500D5647F /* Assets.xcassets */,
				E98D8A131E60F6C500D5647F /* LaunchScreen.storyboard */,
				E98D8A161E60F6C500D5647F /* Info.plist */,
				E98D8A051E60F6C500D5647F /* Supporting Files */,
			);
			path = norway;
			sourceTree = "<group>";
		};
		E98D8A051E60F6C500D5647F /* Supporting Files */ = {
			isa = PBXGroup;
			children = (
				E98D8A061E60F6C500D5647F /* main.m */,
				E9F8246F1E683AAE00AE2CCB /* doc.html */,
			);
			name = "Supporting Files";
			sourceTree = "<group>";
		};
		E98D8A1E1E60F7AA00D5647F /* Frameworks */ = {
			isa = PBXGroup;
			children = (
				E9627DFF1E69C66500B8AF40 /* MapKit.framework */,
				E9627DFD1E69C29A00B8AF40 /* CoreLocation.framework */,
				E9F8247D1E6893B400AE2CCB /* libcompression.tbd */,
				E97ED2521E638481009CF014 /* MessageUI.framework */,
				E98D8A321E61013200D5647F /* libsqlite3.tbd */,
				E98D8A1F1E60F7AA00D5647F /* CoreBluetooth.framework */,
				5F10A0E1D9B42FC47C97EC5B /* libPods-NorwayTests.a */,
				ED692A0603E93E3BACFF7A34 /* libPods-norway.a */,
			);
			name = Frameworks;
			sourceTree = "<group>";
		};
		E98D8A261E60FCC000D5647F /* NorwayTests */ = {
			isa = PBXGroup;
			children = (
				E98D8A271E60FCC000D5647F /* NorwayTests.m */,
				E98D8A291E60FCC000D5647F /* Info.plist */,
			);
			path = NorwayTests;
			sourceTree = "<group>";
		};
		E98D8A341E61024C00D5647F /* Model/Database */ = {
			isa = PBXGroup;
			children = (
				E98D8A2F1E60FDD100D5647F /* SerializedDatabase.h */,
				E98D8A301E60FDD100D5647F /* SerializedDatabase.m */,
				E98D8A351E61025A00D5647F /* Query.h */,
				E98D8A361E61025A00D5647F /* Query.m */,
				E97ED2311E6359EE009CF014 /* NorwayDatabase.h */,
				E97ED2321E6359EE009CF014 /* NorwayDatabase.m */,
				E97ED2341E635B6B009CF014 /* RecordingSession.h */,
				E97ED2351E635B6B009CF014 /* RecordingSession.m */,
				E97ED2371E635C39009CF014 /* HeartRate.h */,
				E97ED2381E635C39009CF014 /* HeartRate.m */,
				E97ED23A1E6366EE009CF014 /* Calories.h */,
				E97ED23B1E6366EE009CF014 /* Calories.m */,
				E97ED23D1E636A7B009CF014 /* Location.h */,
				E97ED23E1E636A7B009CF014 /* Location.m */,
				E97ED2441E637027009CF014 /* DatabaseObject.h */,
				E97ED2451E637027009CF014 /* DatabaseObject.m */,
				E9F824621E680DF200AE2CCB /* Distance.h */,
				E9F824631E680DF200AE2CCB /* Distance.m */,
				E96325141EAFC6BE001C035A /* KeychainWrapper.h */,
				E96325151EAFC6BE001C035A /* KeychainWrapper.m */,
				E96325111EAF99C9001C035A /* SyncAccount.h */,
				E96325121EAF99C9001C035A /* SyncAccount.m */,
			);
			name = Model/Database;
			sourceTree = "<group>";
		};
		E9F824681E682EBC00AE2CCB /* View Controllers */ = {
			isa = PBXGroup;
			children = (
				E9F824691E682ECD00AE2CCB /* ConnectionManagerViewControllerTableViewController.h */,
				E9F8246A1E682ECD00AE2CCB /* ConnectionManagerViewControllerTableViewController.m */,
				E9F8246C1E683A7A00AE2CCB /* HelpViewController.h */,
				E9F8246D1E683A7A00AE2CCB /* HelpViewController.m */,
				E9F824711E683BC800AE2CCB /* RecordSessionViewController.h */,
				E9F824721E683BC800AE2CCB /* RecordSessionViewController.m */,
				E9F824741E68432900AE2CCB /* AllSessionsTableViewController.h */,
				E9F824751E68432900AE2CCB /* AllSessionsTableViewController.m */,
				E9F824771E6846D800AE2CCB /* StringTableViewController.h */,
				E9F824781E6846D800AE2CCB /* StringTableViewController.m */,
				E9F8247A1E685FEB00AE2CCB /* ExportTableViewController.h */,
				E9F8247B1E685FEB00AE2CCB /* ExportTableViewController.m */,
				E9627E011E69C78600B8AF40 /* MapViewController.h */,
				E9627E021E69C78600B8AF40 /* MapViewController.m */,
			);
			name = "View Controllers";
			sourceTree = "<group>";
		};
/* End PBXGroup section */

/* Begin PBXNativeTarget section */
		E98D8A011E60F6C500D5647F /* norway */ = {
			isa = PBXNativeTarget;
			buildConfigurationList = E98D8A191E60F6C500D5647F /* Build configuration list for PBXNativeTarget "norway" */;
			buildPhases = (
				ABEC0D8F7DAFB2298F039B6B /* [CP] Check Pods Manifest.lock */,
				E98D89FE1E60F6C500D5647F /* Sources */,
				E98D89FF1E60F6C500D5647F /* Frameworks */,
				E98D8A001E60F6C500D5647F /* Resources */,
				3445378D95D840EE06CCAC90 /* [CP] Embed Pods Frameworks */,
				7D83FB8C474C675D8B7936D1 /* [CP] Copy Pods Resources */,
			);
			buildRules = (
			);
			dependencies = (
			);
			name = norway;
			productName = norway;
			productReference = E98D8A021E60F6C500D5647F /* norway.app */;
			productType = "com.apple.product-type.application";
		};
		E98D8A241E60FCBF00D5647F /* NorwayTests */ = {
			isa = PBXNativeTarget;
			buildConfigurationList = E98D8A2C1E60FCC000D5647F /* Build configuration list for PBXNativeTarget "NorwayTests" */;
			buildPhases = (
				3536A6F9C75EBBEFB70BD4C7 /* [CP] Check Pods Manifest.lock */,
				E98D8A211E60FCBF00D5647F /* Sources */,
				E98D8A221E60FCBF00D5647F /* Frameworks */,
				E98D8A231E60FCBF00D5647F /* Resources */,
				5DC54102DF6A31BE6CE6586C /* [CP] Embed Pods Frameworks */,
				88BC6E857E9EDB2A54425E0B /* [CP] Copy Pods Resources */,
			);
			buildRules = (
			);
			dependencies = (
				E98D8A2B1E60FCC000D5647F /* PBXTargetDependency */,
			);
			name = NorwayTests;
			productName = NorwayTests;
			productReference = E98D8A251E60FCC000D5647F /* NorwayTests.xctest */;
			productType = "com.apple.product-type.bundle.unit-test";
		};
/* End PBXNativeTarget section */

/* Begin PBXProject section */
		E98D89FA1E60F6C500D5647F /* Project object */ = {
			isa = PBXProject;
			attributes = {
				LastUpgradeCheck = 0820;
				ORGANIZATIONNAME = thomasdenney;
				TargetAttributes = {
					E98D8A011E60F6C500D5647F = {
						CreatedOnToolsVersion = 8.2.1;
						DevelopmentTeam = XT4Q76JCC4;
						ProvisioningStyle = Automatic;
						SystemCapabilities = {
							com.apple.BackgroundModes = {
								enabled = 1;
							};
						};
					};
					E98D8A241E60FCBF00D5647F = {
						CreatedOnToolsVersion = 8.2.1;
						DevelopmentTeam = XT4Q76JCC4;
						ProvisioningStyle = Automatic;
						TestTargetID = E98D8A011E60F6C500D5647F;
					};
				};
			};
			buildConfigurationList = E98D89FD1E60F6C500D5647F /* Build configuration list for PBXProject "norway" */;
			compatibilityVersion = "Xcode 3.2";
			developmentRegion = English;
			hasScannedForEncodings = 0;
			knownRegions = (
				en,
				Base,
			);
			mainGroup = E98D89F91E60F6C500D5647F;
			productRefGroup = E98D8A031E60F6C500D5647F /* Products */;
			projectDirPath = "";
			projectRoot = "";
			targets = (
				E98D8A011E60F6C500D5647F /* norway */,
				E98D8A241E60FCBF00D5647F /* NorwayTests */,
			);
		};
/* End PBXProject section */

/* Begin PBXResourcesBuildPhase section */
		E98D8A001E60F6C500D5647F /* Resources */ = {
			isa = PBXResourcesBuildPhase;
			buildActionMask = 2147483647;
			files = (
				E98D8A151E60F6C500D5647F /* LaunchScreen.storyboard in Resources */,
				E9F824701E683AAE00AE2CCB /* doc.html in Resources */,
				E98D8A121E60F6C500D5647F /* Assets.xcassets in Resources */,
				E98D8A101E60F6C500D5647F /* Main.storyboard in Resources */,
			);
			runOnlyForDeploymentPostprocessing = 0;
		};
		E98D8A231E60FCBF00D5647F /* Resources */ = {
			isa = PBXResourcesBuildPhase;
			buildActionMask = 2147483647;
			files = (
			);
			runOnlyForDeploymentPostprocessing = 0;
		};
/* End PBXResourcesBuildPhase section */

/* Begin PBXShellScriptBuildPhase section */
		3445378D95D840EE06CCAC90 /* [CP] Embed Pods Frameworks */ = {
			isa = PBXShellScriptBuildPhase;
			buildActionMask = 2147483647;
			files = (
			);
			inputPaths = (
			);
			name = "[CP] Embed Pods Frameworks";
			outputPaths = (
			);
			runOnlyForDeploymentPostprocessing = 0;
			shellPath = /bin/sh;
			shellScript = "\"${SRCROOT}/Pods/Target Support Files/Pods-norway/Pods-norway-frameworks.sh\"\n";
			showEnvVarsInLog = 0;
		};
		3536A6F9C75EBBEFB70BD4C7 /* [CP] Check Pods Manifest.lock */ = {
			isa = PBXShellScriptBuildPhase;
			buildActionMask = 2147483647;
			files = (
			);
			inputPaths = (
			);
			name = "[CP] Check Pods Manifest.lock";
			outputPaths = (
			);
			runOnlyForDeploymentPostprocessing = 0;
			shellPath = /bin/sh;
			shellScript = "diff \"${PODS_ROOT}/../Podfile.lock\" \"${PODS_ROOT}/Manifest.lock\" > /dev/null\nif [ $? != 0 ] ; then\n    # print error to STDERR\n    echo \"error: The sandbox is not in sync with the Podfile.lock. Run 'pod install' or update your CocoaPods installation.\" >&2\n    exit 1\nfi\n";
			showEnvVarsInLog = 0;
		};
		5DC54102DF6A31BE6CE6586C /* [CP] Embed Pods Frameworks */ = {
			isa = PBXShellScriptBuildPhase;
			buildActionMask = 2147483647;
			files = (
			);
			inputPaths = (
			);
			name = "[CP] Embed Pods Frameworks";
			outputPaths = (
			);
			runOnlyForDeploymentPostprocessing = 0;
			shellPath = /bin/sh;
			shellScript = "\"${SRCROOT}/Pods/Target Support Files/Pods-NorwayTests/Pods-NorwayTests-frameworks.sh\"\n";
			showEnvVarsInLog = 0;
		};
		7D83FB8C474C675D8B7936D1 /* [CP] Copy Pods Resources */ = {
			isa = PBXShellScriptBuildPhase;
			buildActionMask = 2147483647;
			files = (
			);
			inputPaths = (
			);
			name = "[CP] Copy Pods Resources";
			outputPaths = (
			);
			runOnlyForDeploymentPostprocessing = 0;
			shellPath = /bin/sh;
			shellScript = "\"${SRCROOT}/Pods/Target Support Files/Pods-norway/Pods-norway-resources.sh\"\n";
			showEnvVarsInLog = 0;
		};
		88BC6E857E9EDB2A54425E0B /* [CP] Copy Pods Resources */ = {
			isa = PBXShellScriptBuildPhase;
			buildActionMask = 2147483647;
			files = (
			);
			inputPaths = (
			);
			name = "[CP] Copy Pods Resources";
			outputPaths = (
			);
			runOnlyForDeploymentPostprocessing = 0;
			shellPath = /bin/sh;
			shellScript = "\"${SRCROOT}/Pods/Target Support Files/Pods-NorwayTests/Pods-NorwayTests-resources.sh\"\n";
			showEnvVarsInLog = 0;
		};
		ABEC0D8F7DAFB2298F039B6B /* [CP] Check Pods Manifest.lock */ = {
			isa = PBXShellScriptBuildPhase;
			buildActionMask = 2147483647;
			files = (
			);
			inputPaths = (
			);
			name = "[CP] Check Pods Manifest.lock";
			outputPaths = (
			);
			runOnlyForDeploymentPostprocessing = 0;
			shellPath = /bin/sh;
			shellScript = "diff \"${PODS_ROOT}/../Podfile.lock\" \"${PODS_ROOT}/Manifest.lock\" > /dev/null\nif [ $? != 0 ] ; then\n    # print error to STDERR\n    echo \"error: The sandbox is not in sync with the Podfile.lock. Run 'pod install' or update your CocoaPods installation.\" >&2\n    exit 1\nfi\n";
			showEnvVarsInLog = 0;
		};
/* End PBXShellScriptBuildPhase section */

/* Begin PBXSourcesBuildPhase section */
		E98D89FE1E60F6C500D5647F /* Sources */ = {
			isa = PBXSourcesBuildPhase;
			buildActionMask = 2147483647;
			files = (
				E97ED2331E6359EE009CF014 /* NorwayDatabase.m in Sources */,
				E98D8A311E60FDD100D5647F /* SerializedDatabase.m in Sources */,
				E97ED2461E637027009CF014 /* DatabaseObject.m in Sources */,
				E9F824791E6846D800AE2CCB /* StringTableViewController.m in Sources */,
				E9F824641E680DF200AE2CCB /* Distance.m in Sources */,
				E98D8A0A1E60F6C500D5647F /* AppDelegate.m in Sources */,
				E97ED2361E635B6B009CF014 /* RecordingSession.m in Sources */,
				E9F8246E1E683A7A00AE2CCB /* HelpViewController.m in Sources */,
				E97ED23C1E6366EE009CF014 /* Calories.m in Sources */,
				E96325161EAFC6BE001C035A /* KeychainWrapper.m in Sources */,
				E97ED23F1E636A7B009CF014 /* Location.m in Sources */,
				E97ED24A1E6371BD009CF014 /* NSArray+NWY.m in Sources */,
				E98D8A071E60F6C500D5647F /* main.m in Sources */,
				E97ED2431E636D6B009CF014 /* NSNumber+NWY.m in Sources */,
				E97ED24E1E637656009CF014 /* ConnectionManager.m in Sources */,
				E97ED2391E635C39009CF014 /* HeartRate.m in Sources */,
				E9F824731E683BC800AE2CCB /* RecordSessionViewController.m in Sources */,
				E96325131EAF99C9001C035A /* SyncAccount.m in Sources */,
				E9F824761E68432900AE2CCB /* AllSessionsTableViewController.m in Sources */,
				E9F8246B1E682ECD00AE2CCB /* ConnectionManagerViewControllerTableViewController.m in Sources */,
				E9F8247C1E685FEB00AE2CCB /* ExportTableViewController.m in Sources */,
				E97ED2511E637A95009CF014 /* BandDataStream.m in Sources */,
				E98D8A371E61025A00D5647F /* Query.m in Sources */,
				E9627E031E69C78600B8AF40 /* MapViewController.m in Sources */,
			);
			runOnlyForDeploymentPostprocessing = 0;
		};
		E98D8A211E60FCBF00D5647F /* Sources */ = {
			isa = PBXSourcesBuildPhase;
			buildActionMask = 2147483647;
			files = (
				E98D8A281E60FCC000D5647F /* NorwayTests.m in Sources */,
			);
			runOnlyForDeploymentPostprocessing = 0;
		};
/* End PBXSourcesBuildPhase section */

/* Begin PBXTargetDependency section */
		E98D8A2B1E60FCC000D5647F /* PBXTargetDependency */ = {
			isa = PBXTargetDependency;
			target = E98D8A011E60F6C500D5647F /* norway */;
			targetProxy = E98D8A2A1E60FCC000D5647F /* PBXContainerItemProxy */;
		};
/* End PBXTargetDependency section */

/* Begin PBXVariantGroup section */
		E98D8A0E1E60F6C500D5647F /* Main.storyboard */ = {
			isa = PBXVariantGroup;
			children = (
				E98D8A0F1E60F6C500D5647F /* Base */,
			);
			name = Main.storyboard;
			sourceTree = "<group>";
		};
		E98D8A131E60F6C500D5647F /* LaunchScreen.storyboard */ = {
			isa = PBXVariantGroup;
			children = (
				E98D8A141E60F6C500D5647F /* Base */,
			);
			name = LaunchScreen.storyboard;
			sourceTree = "<group>";
		};
/* End PBXVariantGroup section */

/* Begin XCBuildConfiguration section */
		E98D8A171E60F6C500D5647F /* Debug */ = {
			isa = XCBuildConfiguration;
			buildSettings = {
				ALWAYS_SEARCH_USER_PATHS = NO;
				CLANG_ANALYZER_NONNULL = YES;
				CLANG_CXX_LANGUAGE_STANDARD = "gnu++0x";
				CLANG_CXX_LIBRARY = "libc++";
				CLANG_ENABLE_MODULES = YES;
				CLANG_ENABLE_OBJC_ARC = YES;
				CLANG_WARN_BOOL_CONVERSION = YES;
				CLANG_WARN_CONSTANT_CONVERSION = YES;
				CLANG_WARN_DIRECT_OBJC_ISA_USAGE = YES_ERROR;
				CLANG_WARN_DOCUMENTATION_COMMENTS = YES;
				CLANG_WARN_EMPTY_BODY = YES;
				CLANG_WARN_ENUM_CONVERSION = YES;
				CLANG_WARN_INFINITE_RECURSION = YES;
				CLANG_WARN_INT_CONVERSION = YES;
				CLANG_WARN_OBJC_ROOT_CLASS = YES_ERROR;
				CLANG_WARN_SUSPICIOUS_MOVE = YES;
				CLANG_WARN_UNREACHABLE_CODE = YES;
				CLANG_WARN__DUPLICATE_METHOD_MATCH = YES;
				"CODE_SIGN_IDENTITY[sdk=iphoneos*]" = "iPhone Developer";
				COPY_PHASE_STRIP = NO;
				DEBUG_INFORMATION_FORMAT = dwarf;
				ENABLE_STRICT_OBJC_MSGSEND = YES;
				ENABLE_TESTABILITY = YES;
				GCC_C_LANGUAGE_STANDARD = gnu99;
				GCC_DYNAMIC_NO_PIC = NO;
				GCC_NO_COMMON_BLOCKS = YES;
				GCC_OPTIMIZATION_LEVEL = 0;
				GCC_PREPROCESSOR_DEFINITIONS = (
					"DEBUG=1",
					"$(inherited)",
				);
				GCC_WARN_64_TO_32_BIT_CONVERSION = YES;
				GCC_WARN_ABOUT_RETURN_TYPE = YES_ERROR;
				GCC_WARN_UNDECLARED_SELECTOR = YES;
				GCC_WARN_UNINITIALIZED_AUTOS = YES_AGGRESSIVE;
				GCC_WARN_UNUSED_FUNCTION = YES;
				GCC_WARN_UNUSED_VARIABLE = YES;
				IPHONEOS_DEPLOYMENT_TARGET = 10.2;
				MTL_ENABLE_DEBUG_INFO = YES;
				ONLY_ACTIVE_ARCH = YES;
				SDKROOT = iphoneos;
				TARGETED_DEVICE_FAMILY = "1,2";
			};
			name = Debug;
		};
		E98D8A181E60F6C500D5647F /* Release */ = {
			isa = XCBuildConfiguration;
			buildSettings = {
				ALWAYS_SEARCH_USER_PATHS = NO;
				CLANG_ANALYZER_NONNULL = YES;
				CLANG_CXX_LANGUAGE_STANDARD = "gnu++0x";
				CLANG_CXX_LIBRARY = "libc++";
				CLANG_ENABLE_MODULES = YES;
				CLANG_ENABLE_OBJC_ARC = YES;
				CLANG_WARN_BOOL_CONVERSION = YES;
				CLANG_WARN_CONSTANT_CONVERSION = YES;
				CLANG_WARN_DIRECT_OBJC_ISA_USAGE = YES_ERROR;
				CLANG_WARN_DOCUMENTATION_COMMENTS = YES;
				CLANG_WARN_EMPTY_BODY = YES;
				CLANG_WARN_ENUM_CONVERSION = YES;
				CLANG_WARN_INFINITE_RECURSION = YES;
				CLANG_WARN_INT_CONVERSION = YES;
				CLANG_WARN_OBJC_ROOT_CLASS = YES_ERROR;
				CLANG_WARN_SUSPICIOUS_MOVE = YES;
				CLANG_WARN_UNREACHABLE_CODE = YES;
				CLANG_WARN__DUPLICATE_METHOD_MATCH = YES;
				"CODE_SIGN_IDENTITY[sdk=iphoneos*]" = "iPhone Developer";
				COPY_PHASE_STRIP = NO;
				DEBUG_INFORMATION_FORMAT = "dwarf-with-dsym";
				ENABLE_NS_ASSERTIONS = NO;
				ENABLE_STRICT_OBJC_MSGSEND = YES;
				GCC_C_LANGUAGE_STANDARD = gnu99;
				GCC_NO_COMMON_BLOCKS = YES;
				GCC_WARN_64_TO_32_BIT_CONVERSION = YES;
				GCC_WARN_ABOUT_RETURN_TYPE = YES_ERROR;
				GCC_WARN_UNDECLARED_SELECTOR = YES;
				GCC_WARN_UNINITIALIZED_AUTOS = YES_AGGRESSIVE;
				GCC_WARN_UNUSED_FUNCTION = YES;
				GCC_WARN_UNUSED_VARIABLE = YES;
				IPHONEOS_DEPLOYMENT_TARGET = 10.2;
				MTL_ENABLE_DEBUG_INFO = NO;
				SDKROOT = iphoneos;
				TARGETED_DEVICE_FAMILY = "1,2";
				VALIDATE_PRODUCT = YES;
			};
			name = Release;
		};
		E98D8A1A1E60F6C500D5647F /* Debug */ = {
			isa = XCBuildConfiguration;
			baseConfigurationReference = D1336BFC030120C00B9C0016 /* Pods-norway.debug.xcconfig */;
			buildSettings = {
				ASSETCATALOG_COMPILER_APPICON_NAME = AppIcon;
				DEVELOPMENT_TEAM = XT4Q76JCC4;
				ENABLE_BITCODE = NO;
				FRAMEWORK_SEARCH_PATHS = (
					"$(inherited)",
					"$(PROJECT_DIR)",
				);
				INFOPLIST_FILE = norway/Info.plist;
				LD_RUNPATH_SEARCH_PATHS = "$(inherited) @executable_path/Frameworks";
				PRODUCT_BUNDLE_IDENTIFIER = org.thomasdenney.norway;
				PRODUCT_NAME = "$(TARGET_NAME)";
			};
			name = Debug;
		};
		E98D8A1B1E60F6C500D5647F /* Release */ = {
			isa = XCBuildConfiguration;
			baseConfigurationReference = 43F95D9F22E52D9997875286 /* Pods-norway.release.xcconfig */;
			buildSettings = {
				ASSETCATALOG_COMPILER_APPICON_NAME = AppIcon;
				DEVELOPMENT_TEAM = XT4Q76JCC4;
				ENABLE_BITCODE = NO;
				FRAMEWORK_SEARCH_PATHS = (
					"$(inherited)",
					"$(PROJECT_DIR)",
				);
				INFOPLIST_FILE = norway/Info.plist;
				LD_RUNPATH_SEARCH_PATHS = "$(inherited) @executable_path/Frameworks";
				PRODUCT_BUNDLE_IDENTIFIER = org.thomasdenney.norway;
				PRODUCT_NAME = "$(TARGET_NAME)";
			};
			name = Release;
		};
		E98D8A2D1E60FCC000D5647F /* Debug */ = {
			isa = XCBuildConfiguration;
			baseConfigurationReference = FFC6B9995B2DCC67F9AAE81B /* Pods-NorwayTests.debug.xcconfig */;
			buildSettings = {
				BUNDLE_LOADER = "$(TEST_HOST)";
				DEVELOPMENT_TEAM = XT4Q76JCC4;
				INFOPLIST_FILE = NorwayTests/Info.plist;
				LD_RUNPATH_SEARCH_PATHS = "$(inherited) @executable_path/Frameworks @loader_path/Frameworks";
				PRODUCT_BUNDLE_IDENTIFIER = org.thomasdenney.NorwayTests;
				PRODUCT_NAME = "$(TARGET_NAME)";
				TEST_HOST = "$(BUILT_PRODUCTS_DIR)/norway.app/norway";
			};
			name = Debug;
		};
		E98D8A2E1E60FCC000D5647F /* Release */ = {
			isa = XCBuildConfiguration;
			baseConfigurationReference = DCDB7DBC1A55C818E576350C /* Pods-NorwayTests.release.xcconfig */;
			buildSettings = {
				BUNDLE_LOADER = "$(TEST_HOST)";
				DEVELOPMENT_TEAM = XT4Q76JCC4;
				INFOPLIST_FILE = NorwayTests/Info.plist;
				LD_RUNPATH_SEARCH_PATHS = "$(inherited) @executable_path/Frameworks @loader_path/Frameworks";
				PRODUCT_BUNDLE_IDENTIFIER = org.thomasdenney.NorwayTests;
				PRODUCT_NAME = "$(TARGET_NAME)";
				TEST_HOST = "$(BUILT_PRODUCTS_DIR)/norway.app/norway";
			};
			name = Release;
		};
/* End XCBuildConfiguration section */

/* Begin XCConfigurationList section */
		E98D89FD1E60F6C500D5647F /* Build configuration list for PBXProject "norway" */ = {
			isa = XCConfigurationList;
			buildConfigurations = (
				E98D8A171E60F6C500D5647F /* Debug */,
				E98D8A181E60F6C500D5647F /* Release */,
			);
			defaultConfigurationIsVisible = 0;
			defaultConfigurationName = Release;
		};
		E98D8A191E60F6C500D5647F /* Build configuration list for PBXNativeTarget "norway" */ = {
			isa = XCConfigurationList;
			buildConfigurations = (
				E98D8A1A1E60F6C500D5647F /* Debug */,
				E98D8A1B1E60F6C500D5647F /* Release */,
			);
			defaultConfigurationIsVisible = 0;
			defaultConfigurationName = Release;
		};
		E98D8A2C1E60FCC000D5647F /* Build configuration list for PBXNativeTarget "NorwayTests" */ = {
			isa = XCConfigurationList;
			buildConfigurations = (
				E98D8A2D1E60FCC000D5647F /* Debug */,
				E98D8A2E1E60FCC000D5647F /* Release */,
			);
			defaultConfigurationIsVisible = 0;
			defaultConfigurationName = Release;
		};
/* End XCConfigurationList section */
	};
	rootObject = E98D89FA1E60F6C500D5647F /* Project object */;
}
